# name|version|url|sha256|source_bundle_sha256
android-host|0.1.0|https://github.com/BlackFireAlex/omarchy-android/releases/download/v0.1.0/omarchy-android-host-aarch64-0.1.0.tar.xz|9dfabd5bb8bfcae7705aa90d5bad28414a12bf9e9b39337101f3ed92d4037fe4|c1af9f82ab5c616f5fa7031f44b3ed17b1b07013169c9e19825b8131c057c1a1
